{
  "name": "didkit-node",
  "version": "1.0.0",
  "lockfileVersion": 2,
  "requires": true,
  "packages": {
    "": {
      "name": "didkit-node",
      "version": "1.0.0",
      "license": "ISC",
      "dependencies": {
        "@spruceid/didkit-wasm": "^0.2.1",
        "@spruceid/didkit-wasm-node": "^0.2.1"
      }
    },
    "node_modules/@spruceid/didkit-wasm": {
      "version": "0.2.1",
      "resolved": "https://registry.npmjs.org/@spruceid/didkit-wasm/-/didkit-wasm-0.2.1.tgz",
      "integrity": "sha512-Qi0ZVS2vNA6iVwOzfIdyVQSj1Q88DgV0HyjnQGZ84YsrjaxbCSPwyhZs3TBzUGKwvoyiGCvWohYnL0G3BsPEMQ=="
    },
    "node_modules/@spruceid/didkit-wasm-node": {
      "version": "0.2.1",
      "resolved": "https://registry.npmjs.org/@spruceid/didkit-wasm-node/-/didkit-wasm-node-0.2.1.tgz",
      "integrity": "sha512-c8e3u5FIRS/2Gf6UHnRPnfRozgKgby4avZzlvIiaJRDVLl1LaX1SE13vEvKV2rAq6NMfZrV4YG908M4uVlT90Q=="
    }
  },
  "dependencies": {
    "@spruceid/didkit-wasm": {
      "version": "0.2.1",
      "resolved": "https://registry.npmjs.org/@spruceid/didkit-wasm/-/didkit-wasm-0.2.1.tgz",
      "integrity": "sha512-Qi0ZVS2vNA6iVwOzfIdyVQSj1Q88DgV0HyjnQGZ84YsrjaxbCSPwyhZs3TBzUGKwvoyiGCvWohYnL0G3BsPEMQ=="
    },
    "@spruceid/didkit-wasm-node": {
      "version": "0.2.1",
      "resolved": "https://registry.npmjs.org/@spruceid/didkit-wasm-node/-/didkit-wasm-node-0.2.1.tgz",
      "integrity": "sha512-c8e3u5FIRS/2Gf6UHnRPnfRozgKgby4avZzlvIiaJRDVLl1LaX1SE13vEvKV2rAq6NMfZrV4YG908M4uVlT90Q=="
    }
  }
}
